
Microsoft Visual Studio Solution File, Format Version 12.00
# Visual Studio Version 17
VisualStudioVersion = 17.1.32210.238
MinimumVisualStudioVersion = 10.0.40219.1
Project("{FAE04EC0-301F-11D3-BF4B-00C04F79EFBC}") = "EasyExcelGenerator", "EasyExcelGenerator\EasyExcelGenerator.csproj", "{D4A7AB5A-8009-4684-BA96-8ECC3CB8C3D8}"
EndProject
Global
	GlobalSection(SolutionConfigurationPlatforms) = preSolution
		Debug|Any CPU = Debug|Any CPU
		Release|Any CPU = Release|Any CPU
	EndGlobalSection
	GlobalSection(ProjectConfigurationPlatforms) = postSolution
		{D4A7AB5A-8009-4684-BA96-8ECC3CB8C3D8}.Debug|Any CPU.ActiveCfg = Debug|Any CPU
		{D4A7AB5A-8009-4684-BA96-8ECC3CB8C3D8}.Debug|Any CPU.Build.0 = Debug|Any CPU
		{D4A7AB5A-8009-4684-BA96-8ECC3CB8C3D8}.Release|Any CPU.ActiveCfg = Release|Any CPU
		{D4A7AB5A-8009-4684-BA96-8ECC3CB8C3D8}.Release|Any CPU.Build.0 = Release|Any CPU
	EndGlobalSection
	GlobalSection(SolutionProperties) = preSolution
		HideSolutionNode = FALSE
	EndGlobalSection
	GlobalSection(ExtensibilityGlobals) = postSolution
		SolutionGuid = {4D9AE86C-5CA6-4159-8131-2ED56F560667}
	EndGlobalSection
EndGlobal
